
Microsoft Visual Studio Solution File, Format Version 12.00
# Visual Studio Version 17
VisualStudioVersion = 17.1.32328.378
MinimumVisualStudioVersion = 10.0.40219.1
Project("{FAE04EC0-301F-11D3-BF4B-00C04F79EFBC}") = "SuperBrain 2.0", "SuperBrain 2.0\SuperBrain 2.0.csproj", "{2342F45D-D990-4E08-8D7C-853D4A228948}"
EndProject
Global
	GlobalSection(SolutionConfigurationPlatforms) = preSolution
		Debug|Any CPU = Debug|Any CPU
		Release|Any CPU = Release|Any CPU
	EndGlobalSection
	GlobalSection(ProjectConfigurationPlatforms) = postSolution
		{2342F45D-D990-4E08-8D7C-853D4A228948}.Debug|Any CPU.ActiveCfg = Debug|Any CPU
		{2342F45D-D990-4E08-8D7C-853D4A228948}.Debug|Any CPU.Build.0 = Debug|Any CPU
		{2342F45D-D990-4E08-8D7C-853D4A228948}.Release|Any CPU.ActiveCfg = Release|Any CPU
		{2342F45D-D990-4E08-8D7C-853D4A228948}.Release|Any CPU.Build.0 = Release|Any CPU
	EndGlobalSection
	GlobalSection(SolutionProperties) = preSolution
		HideSolutionNode = FALSE
	EndGlobalSection
	GlobalSection(ExtensibilityGlobals) = postSolution
		SolutionGuid = {78A68CBF-02A8-4C18-B048-8E05E49086DC}
	EndGlobalSection
EndGlobal
